{
    "requires": true,
    "lockfileVersion": 1,
    "dependencies": {
        "ngx-mask": {
            "version": "7.9.9",
            "resolved": "https://registry.npmjs.org/ngx-mask/-/ngx-mask-7.9.9.tgz",
            "integrity": "sha512-6+qWt/1O/G717eVHkQ3tfTB/znWmrySSrfruH/T54b1b3GEbaco9e+Jn/gcnXSnabEHZ8CxffQByTQC0R4c1tw==",
            "requires": {
                "tslib": "^1.9.0"
            }
        },
        "tslib": {
            "version": "1.9.3",
            "resolved": "https://registry.npmjs.org/tslib/-/tslib-1.9.3.tgz",
            "integrity": "sha512-4krF8scpejhaOgqzBEcGM7yDIEfi0/8+8zDRZhNZZ2kjmHJ4hv3zCbQWxoJGz1iw5U0Jl0nma13xzHXcncMavQ=="
        }
    }
}
